
Microsoft Visual Studio Solution File, Format Version 12.00
# Visual Studio Version 17
VisualStudioVersion = 17.8.34330.188
MinimumVisualStudioVersion = 10.0.40219.1
Project("{9A19103F-16F7-4668-BE54-9A1E7A4F7556}") = "Softmad.Services.LeadGeneration", "Softmad.Services.LeadGeneration\Softmad.Services.LeadGeneration.csproj", "{3E6DF725-365C-4C67-ACA6-16596AEF591D}"
EndProject
Project("{9A19103F-16F7-4668-BE54-9A1E7A4F7556}") = "Softmad.Services.Models", "Softmad.Services.Models\Softmad.Services.Models.csproj", "{E799B077-9F43-4CE8-A5D7-A16DC8A9D422}"
EndProject
Project("{9A19103F-16F7-4668-BE54-9A1E7A4F7556}") = "Softmad.LeadGeneration", "Softmad.LeadGeneration\Softmad.LeadGeneration.csproj", "{DF92D5CC-EDB8-4D2C-BE28-5FCFEBE92D64}"
EndProject
Project("{E53339B2-1760-4266-BCC7-CA923CBCF16C}") = "docker-compose", "docker-compose.dcproj", "{3AF09649-B698-41E4-9C8C-1D7BB655CA2D}"
EndProject
Global
	GlobalSection(SolutionConfigurationPlatforms) = preSolution
		Debug|Any CPU = Debug|Any CPU
		Release|Any CPU = Release|Any CPU
	EndGlobalSection
	GlobalSection(ProjectConfigurationPlatforms) = postSolution
		{3E6DF725-365C-4C67-ACA6-16596AEF591D}.Debug|Any CPU.ActiveCfg = Debug|Any CPU
		{3E6DF725-365C-4C67-ACA6-16596AEF591D}.Debug|Any CPU.Build.0 = Debug|Any CPU
		{3E6DF725-365C-4C67-ACA6-16596AEF591D}.Release|Any CPU.ActiveCfg = Release|Any CPU
		{3E6DF725-365C-4C67-ACA6-16596AEF591D}.Release|Any CPU.Build.0 = Release|Any CPU
		{E799B077-9F43-4CE8-A5D7-A16DC8A9D422}.Debug|Any CPU.ActiveCfg = Debug|Any CPU
		{E799B077-9F43-4CE8-A5D7-A16DC8A9D422}.Debug|Any CPU.Build.0 = Debug|Any CPU
		{E799B077-9F43-4CE8-A5D7-A16DC8A9D422}.Release|Any CPU.ActiveCfg = Release|Any CPU
		{E799B077-9F43-4CE8-A5D7-A16DC8A9D422}.Release|Any CPU.Build.0 = Release|Any CPU
		{DF92D5CC-EDB8-4D2C-BE28-5FCFEBE92D64}.Debug|Any CPU.ActiveCfg = Debug|Any CPU
		{DF92D5CC-EDB8-4D2C-BE28-5FCFEBE92D64}.Debug|Any CPU.Build.0 = Debug|Any CPU
		{DF92D5CC-EDB8-4D2C-BE28-5FCFEBE92D64}.Release|Any CPU.ActiveCfg = Release|Any CPU
		{DF92D5CC-EDB8-4D2C-BE28-5FCFEBE92D64}.Release|Any CPU.Build.0 = Release|Any CPU
		{3AF09649-B698-41E4-9C8C-1D7BB655CA2D}.Debug|Any CPU.ActiveCfg = Debug|Any CPU
		{3AF09649-B698-41E4-9C8C-1D7BB655CA2D}.Debug|Any CPU.Build.0 = Debug|Any CPU
		{3AF09649-B698-41E4-9C8C-1D7BB655CA2D}.Release|Any CPU.ActiveCfg = Release|Any CPU
		{3AF09649-B698-41E4-9C8C-1D7BB655CA2D}.Release|Any CPU.Build.0 = Release|Any CPU
	EndGlobalSection
	GlobalSection(SolutionProperties) = preSolution
		HideSolutionNode = FALSE
	EndGlobalSection
	GlobalSection(ExtensibilityGlobals) = postSolution
		SolutionGuid = {FB1E32FE-07A5-4BA0-9396-DB494B4A2459}
	EndGlobalSection
EndGlobal
